// !$*UTF8*$!
{
	archiveVersion = 1;
	classes = {
	};
	objectVersion = 52;
	objects = {

/* Begin PBXBuildFile section */
		2D300B2B0DB846128C62C062 /* UserFavoriteContent.swift in Sources */ = {isa = PBXBuildFile; fileRef = 3397087124EE4DEA8E0A9DB8 /* UserFavoriteContent.swift */; };
		503E02E0497E4EFF9D9BD770 /* UserContent+Schema.swift in Sources */ = {isa = PBXBuildFile; fileRef = ABC3466D4D8345B69DEDEE78 /* UserContent+Schema.swift */; };
		5E9EE731278E41A6BFDCE28A /* AmplifyModels.swift in Sources */ = {isa = PBXBuildFile; fileRef = 1C68B47895EF48EFA9E65034 /* AmplifyModels.swift */; };
		661922BAC3E9493399943D1A /* UserContent.swift in Sources */ = {isa = PBXBuildFile; fileRef = 9FF8DCBE2F2D4E6CB29B2574 /* UserContent.swift */; };
		7E856A1F4B6F44F8AA35D746 /* UserProfile+Schema.swift in Sources */ = {isa = PBXBuildFile; fileRef = 5C26378F98444C59A7F5AE6F /* UserProfile+Schema.swift */; };
		A690E02738114B2F88B979ED /* UserSubscriptionTrainer.swift in Sources */ = {isa = PBXBuildFile; fileRef = B7AF5B3BF04D4937BDD322DF /* UserSubscriptionTrainer.swift */; };
		B68262AC2639A3F000A32D5C /* ApiMacro.swift in Sources */ = {isa = PBXBuildFile; fileRef = B68262AB2639A3F000A32D5C /* ApiMacro.swift */; };
		B68262B22639AB7200A32D5C /* VideoViewController.swift in Sources */ = {isa = PBXBuildFile; fileRef = B68262B02639AB7200A32D5C /* VideoViewController.swift */; };
		B68262B32639AB7200A32D5C /* VideoViewController.xib in Resources */ = {isa = PBXBuildFile; fileRef = B68262B12639AB7200A32D5C /* VideoViewController.xib */; };
		B68262B62639B05600A32D5C /* ZZPlayerView.swift in Sources */ = {isa = PBXBuildFile; fileRef = B68262B52639B05600A32D5C /* ZZPlayerView.swift */; };
		B68262BB2639B16100A32D5C /* UIColorExtension.swift in Sources */ = {isa = PBXBuildFile; fileRef = B68262B82639B16100A32D5C /* UIColorExtension.swift */; };
		B68262BC2639B16100A32D5C /* StringUtils.swift in Sources */ = {isa = PBXBuildFile; fileRef = B68262B92639B16100A32D5C /* StringUtils.swift */; };
		B68262BD2639B16100A32D5C /* UIViewExtension.swift in Sources */ = {isa = PBXBuildFile; fileRef = B68262BA2639B16100A32D5C /* UIViewExtension.swift */; };
		B68262BF263A3E2300A32D5C /* GraphQLRequestExt.swift in Sources */ = {isa = PBXBuildFile; fileRef = B68262BE263A3E2300A32D5C /* GraphQLRequestExt.swift */; };
		B68262CC263BC7A200A32D5C /* LoginInfoModel.swift in Sources */ = {isa = PBXBuildFile; fileRef = B68262CB263BC7A200A32D5C /* LoginInfoModel.swift */; };
		B68262D1263BC7A900A32D5C /* UserManager.swift in Sources */ = {isa = PBXBuildFile; fileRef = B68262CE263BC7A900A32D5C /* UserManager.swift */; };
		B68262D2263BC7A900A32D5C /* ArchiveTool.swift in Sources */ = {isa = PBXBuildFile; fileRef = B68262CF263BC7A900A32D5C /* ArchiveTool.swift */; };
		B68262D3263BC7A900A32D5C /* LoginTools.swift in Sources */ = {isa = PBXBuildFile; fileRef = B68262D0263BC7A900A32D5C /* LoginTools.swift */; };
		B68262D6263BD90500A32D5C /* SDWebImage in Frameworks */ = {isa = PBXBuildFile; productRef = B68262D5263BD90500A32D5C /* SDWebImage */; };
		B68262DB263BFFEF00A32D5C /* MBProgressHUD.m in Sources */ = {isa = PBXBuildFile; fileRef = B68262D9263BFFEF00A32D5C /* MBProgressHUD.m */; };
		B68262E5263C05CB00A32D5C /* BaseViewController.swift in Sources */ = {isa = PBXBuildFile; fileRef = B68262E4263C05CB00A32D5C /* BaseViewController.swift */; };
		B68262E7263C088900A32D5C /* ToastHUD.swift in Sources */ = {isa = PBXBuildFile; fileRef = B68262E6263C088900A32D5C /* ToastHUD.swift */; };
		B69103B026381E4A005F2ACD /* Amplify in Frameworks */ = {isa = PBXBuildFile; productRef = B69103AF26381E4A005F2ACD /* Amplify */; };
		B69103B226381E4A005F2ACD /* AWSCognitoAuthPlugin in Frameworks */ = {isa = PBXBuildFile; productRef = B69103B126381E4A005F2ACD /* AWSCognitoAuthPlugin */; };
		B69103B426381E4A005F2ACD /* AWSS3StoragePlugin in Frameworks */ = {isa = PBXBuildFile; productRef = B69103B326381E4A005F2ACD /* AWSS3StoragePlugin */; };
		B69103B626381E4A005F2ACD /* AWSAPIPlugin in Frameworks */ = {isa = PBXBuildFile; productRef = B69103B526381E4A005F2ACD /* AWSAPIPlugin */; };
		B69103B826381E4A005F2ACD /* AWSPluginsCore in Frameworks */ = {isa = PBXBuildFile; productRef = B69103B726381E4A005F2ACD /* AWSPluginsCore */; };
		B69103BA26381E4A005F2ACD /* AWSDataStorePlugin in Frameworks */ = {isa = PBXBuildFile; productRef = B69103B926381E4A005F2ACD /* AWSDataStorePlugin */; };
		B69103D026381EC0005F2ACD /* Global.swift in Sources */ = {isa = PBXBuildFile; fileRef = B69103BD26381EC0005F2ACD /* Global.swift */; };
		B69103D126381EC0005F2ACD /* HomeViewController.xib in Resources */ = {isa = PBXBuildFile; fileRef = B69103C026381EC0005F2ACD /* HomeViewController.xib */; };
		B69103D226381EC0005F2ACD /* HomeViewController.swift in Sources */ = {isa = PBXBuildFile; fileRef = B69103C126381EC0005F2ACD /* HomeViewController.swift */; };
		B69103D326381EC0005F2ACD /* HomeInfoColCell.xib in Resources */ = {isa = PBXBuildFile; fileRef = B69103C326381EC0005F2ACD /* HomeInfoColCell.xib */; };
		B69103D426381EC0005F2ACD /* HomeSeeAllCoursesView.xib in Resources */ = {isa = PBXBuildFile; fileRef = B69103C426381EC0005F2ACD /* HomeSeeAllCoursesView.xib */; };
		B69103D526381EC0005F2ACD /* HomeBannerColListCell.xib in Resources */ = {isa = PBXBuildFile; fileRef = B69103C526381EC0005F2ACD /* HomeBannerColListCell.xib */; };
		B69103D626381EC0005F2ACD /* HomeTopColCell.swift in Sources */ = {isa = PBXBuildFile; fileRef = B69103C626381EC0005F2ACD /* HomeTopColCell.swift */; };
		B69103D726381EC0005F2ACD /* HomeBannerColListCell.swift in Sources */ = {isa = PBXBuildFile; fileRef = B69103C726381EC0005F2ACD /* HomeBannerColListCell.swift */; };
		B69103D826381EC0005F2ACD /* HomeSeeAllCoursesView.swift in Sources */ = {isa = PBXBuildFile; fileRef = B69103C826381EC0005F2ACD /* HomeSeeAllCoursesView.swift */; };
		B69103D926381EC0005F2ACD /* HomeInfoColCell.swift in Sources */ = {isa = PBXBuildFile; fileRef = B69103C926381EC0005F2ACD /* HomeInfoColCell.swift */; };
		B69103DA26381EC0005F2ACD /* HomeTopColCell.xib in Resources */ = {isa = PBXBuildFile; fileRef = B69103CA26381EC0005F2ACD /* HomeTopColCell.xib */; };
		B69103DB26381EC0005F2ACD /* LoginSecondViewController.swift in Sources */ = {isa = PBXBuildFile; fileRef = B69103CC26381EC0005F2ACD /* LoginSecondViewController.swift */; };
		B69103DC26381EC0005F2ACD /* LoginSecondViewController.xib in Resources */ = {isa = PBXBuildFile; fileRef = B69103CD26381EC0005F2ACD /* LoginSecondViewController.xib */; };
		B69103DD26381EC0005F2ACD /* LoginViewController.xib in Resources */ = {isa = PBXBuildFile; fileRef = B69103CE26381EC0005F2ACD /* LoginViewController.xib */; };
		B69103DE26381EC0005F2ACD /* LoginViewController.swift in Sources */ = {isa = PBXBuildFile; fileRef = B69103CF26381EC0005F2ACD /* LoginViewController.swift */; };
		B69103F026385732005F2ACD /* AWSPinpointAnalyticsPlugin in Frameworks */ = {isa = PBXBuildFile; productRef = B69103EF26385732005F2ACD /* AWSPinpointAnalyticsPlugin */; };
		C1DEDD772637460700F66A7C /* MikeApp.swift in Sources */ = {isa = PBXBuildFile; fileRef = C1DEDD762637460700F66A7C /* MikeApp.swift */; };
		C1DEDD7B2637460900F66A7C /* Assets.xcassets in Resources */ = {isa = PBXBuildFile; fileRef = C1DEDD7A2637460900F66A7C /* Assets.xcassets */; };
		C1DEDD7E2637460900F66A7C /* Preview Assets.xcassets in Resources */ = {isa = PBXBuildFile; fileRef = C1DEDD7D2637460900F66A7C /* Preview Assets.xcassets */; };
		C1DEDD89263746CB00F66A7C /* amplifyconfiguration.json in Resources */ = {isa = PBXBuildFile; fileRef = C1DEDD87263746CB00F66A7C /* amplifyconfiguration.json */; };
		C1DEDD8A263746CB00F66A7C /* awsconfiguration.json in Resources */ = {isa = PBXBuildFile; fileRef = C1DEDD88263746CB00F66A7C /* awsconfiguration.json */; };
		C1DEDD9E2637524D00F66A7C /* Backend.swift in Sources */ = {isa = PBXBuildFile; fileRef = C1DEDD9D2637524D00F66A7C /* Backend.swift */; };
		C7AE4A5E865D4D0A92465D35 /* UserFavoriteContent+Schema.swift in Sources */ = {isa = PBXBuildFile; fileRef = 86C47EA47CB640F9BD028AEE /* UserFavoriteContent+Schema.swift */; };
		CB02F7E746244ECC95ED67D5 /* UserProfile.swift in Sources */ = {isa = PBXBuildFile; fileRef = EB8F3BF2867A4D8294FB8222 /* UserProfile.swift */; };
		E580130BA74747999F57955C /* UserSubscriptionTrainer+Schema.swift in Sources */ = {isa = PBXBuildFile; fileRef = 96F9A5450EF24BFA96BC4FFF /* UserSubscriptionTrainer+Schema.swift */; };
/* End PBXBuildFile section */

/* Begin PBXFileReference section */
		158374CDF72240E79C4D8D6B /* amplifytools.xcconfig */ = {isa = PBXFileReference; explicitFileType = undefined; fileEncoding = 4; includeInIndex = 0; lastKnownFileType = text.xcconfig; path = amplifytools.xcconfig; sourceTree = "<group>"; };
		1C68B47895EF48EFA9E65034 /* AmplifyModels.swift */ = {isa = PBXFileReference; explicitFileType = undefined; fileEncoding = 4; includeInIndex = 0; lastKnownFileType = sourcecode.swift; name = AmplifyModels.swift; path = amplify/generated/models/AmplifyModels.swift; sourceTree = "<group>"; };
		1E1D87B83BC34BB28DFEDE72 /* schema.graphql */ = {isa = PBXFileReference; explicitFileType = undefined; fileEncoding = 4; includeInIndex = 0; lastKnownFileType = text; name = schema.graphql; path = amplify/backend/api/mikeAmplify/schema.graphql; sourceTree = "<group>"; };
		3397087124EE4DEA8E0A9DB8 /* UserFavoriteContent.swift */ = {isa = PBXFileReference; explicitFileType = undefined; fileEncoding = 4; includeInIndex = 0; lastKnownFileType = sourcecode.swift; name = UserFavoriteContent.swift; path = amplify/generated/models/UserFavoriteContent.swift; sourceTree = "<group>"; };
		5C26378F98444C59A7F5AE6F /* UserProfile+Schema.swift */ = {isa = PBXFileReference; explicitFileType = undefined; fileEncoding = 4; includeInIndex = 0; lastKnownFileType = sourcecode.swift; name = "UserProfile+Schema.swift"; path = "amplify/generated/models/UserProfile+Schema.swift"; sourceTree = "<group>"; };
		86C47EA47CB640F9BD028AEE /* UserFavoriteContent+Schema.swift */ = {isa = PBXFileReference; explicitFileType = undefined; fileEncoding = 4; includeInIndex = 0; lastKnownFileType = sourcecode.swift; name = "UserFavoriteContent+Schema.swift"; path = "amplify/generated/models/UserFavoriteContent+Schema.swift"; sourceTree = "<group>"; };
		96F9A5450EF24BFA96BC4FFF /* UserSubscriptionTrainer+Schema.swift */ = {isa = PBXFileReference; explicitFileType = undefined; fileEncoding = 4; includeInIndex = 0; lastKnownFileType = sourcecode.swift; name = "UserSubscriptionTrainer+Schema.swift"; path = "amplify/generated/models/UserSubscriptionTrainer+Schema.swift"; sourceTree = "<group>"; };
		9FF8DCBE2F2D4E6CB29B2574 /* UserContent.swift */ = {isa = PBXFileReference; explicitFileType = undefined; fileEncoding = 4; includeInIndex = 0; lastKnownFileType = sourcecode.swift; name = UserContent.swift; path = amplify/generated/models/UserContent.swift; sourceTree = "<group>"; };
		ABC3466D4D8345B69DEDEE78 /* UserContent+Schema.swift */ = {isa = PBXFileReference; explicitFileType = undefined; fileEncoding = 4; includeInIndex = 0; lastKnownFileType = sourcecode.swift; name = "UserContent+Schema.swift"; path = "amplify/generated/models/UserContent+Schema.swift"; sourceTree = "<group>"; };
		B68262AB2639A3F000A32D5C /* ApiMacro.swift */ = {isa = PBXFileReference; lastKnownFileType = sourcecode.swift; path = ApiMacro.swift; sourceTree = "<group>"; };
		B68262B02639AB7200A32D5C /* VideoViewController.swift */ = {isa = PBXFileReference; lastKnownFileType = sourcecode.swift; path = VideoViewController.swift; sourceTree = "<group>"; };
		B68262B12639AB7200A32D5C /* VideoViewController.xib */ = {isa = PBXFileReference; lastKnownFileType = file.xib; path = VideoViewController.xib; sourceTree = "<group>"; };
		B68262B52639B05600A32D5C /* ZZPlayerView.swift */ = {isa = PBXFileReference; fileEncoding = 4; lastKnownFileType = sourcecode.swift; path = ZZPlayerView.swift; sourceTree = "<group>"; };
		B68262B82639B16100A32D5C /* UIColorExtension.swift */ = {isa = PBXFileReference; fileEncoding = 4; lastKnownFileType = sourcecode.swift; path = UIColorExtension.swift; sourceTree = "<group>"; };
		B68262B92639B16100A32D5C /* StringUtils.swift */ = {isa = PBXFileReference; fileEncoding = 4; lastKnownFileType = sourcecode.swift; path = StringUtils.swift; sourceTree = "<group>"; };
		B68262BA2639B16100A32D5C /* UIViewExtension.swift */ = {isa = PBXFileReference; fileEncoding = 4; lastKnownFileType = sourcecode.swift; path = UIViewExtension.swift; sourceTree = "<group>"; };
		B68262BE263A3E2300A32D5C /* GraphQLRequestExt.swift */ = {isa = PBXFileReference; lastKnownFileType = sourcecode.swift; path = GraphQLRequestExt.swift; sourceTree = "<group>"; };
		B68262CB263BC7A200A32D5C /* LoginInfoModel.swift */ = {isa = PBXFileReference; fileEncoding = 4; lastKnownFileType = sourcecode.swift; path = LoginInfoModel.swift; sourceTree = "<group>"; };
		B68262CE263BC7A900A32D5C /* UserManager.swift */ = {isa = PBXFileReference; fileEncoding = 4; lastKnownFileType = sourcecode.swift; path = UserManager.swift; sourceTree = "<group>"; };
		B68262CF263BC7A900A32D5C /* ArchiveTool.swift */ = {isa = PBXFileReference; fileEncoding = 4; lastKnownFileType = sourcecode.swift; path = ArchiveTool.swift; sourceTree = "<group>"; };
		B68262D0263BC7A900A32D5C /* LoginTools.swift */ = {isa = PBXFileReference; fileEncoding = 4; lastKnownFileType = sourcecode.swift; path = LoginTools.swift; sourceTree = "<group>"; };
		B68262D9263BFFEF00A32D5C /* MBProgressHUD.m */ = {isa = PBXFileReference; fileEncoding = 4; lastKnownFileType = sourcecode.c.objc; path = MBProgressHUD.m; sourceTree = "<group>"; };
		B68262DA263BFFEF00A32D5C /* MBProgressHUD.h */ = {isa = PBXFileReference; fileEncoding = 4; lastKnownFileType = sourcecode.c.h; path = MBProgressHUD.h; sourceTree = "<group>"; };
		B68262E0263C024200A32D5C /* Mike-bridging-Header.h */ = {isa = PBXFileReference; lastKnownFileType = sourcecode.c.h; path = "Mike-bridging-Header.h"; sourceTree = "<group>"; };
		B68262E4263C05CB00A32D5C /* BaseViewController.swift */ = {isa = PBXFileReference; fileEncoding = 4; lastKnownFileType = sourcecode.swift; path = BaseViewController.swift; sourceTree = "<group>"; };
		B68262E6263C088900A32D5C /* ToastHUD.swift */ = {isa = PBXFileReference; lastKnownFileType = sourcecode.swift; path = ToastHUD.swift; sourceTree = "<group>"; };
		B69103BD26381EC0005F2ACD /* Global.swift */ = {isa = PBXFileReference; fileEncoding = 4; lastKnownFileType = sourcecode.swift; path = Global.swift; sourceTree = "<group>"; };
		B69103C026381EC0005F2ACD /* HomeViewController.xib */ = {isa = PBXFileReference; fileEncoding = 4; lastKnownFileType = file.xib; path = HomeViewController.xib; sourceTree = "<group>"; };
		B69103C126381EC0005F2ACD /* HomeViewController.swift */ = {isa = PBXFileReference; fileEncoding = 4; lastKnownFileType = sourcecode.swift; path = HomeViewController.swift; sourceTree = "<group>"; };
		B69103C326381EC0005F2ACD /* HomeInfoColCell.xib */ = {isa = PBXFileReference; fileEncoding = 4; lastKnownFileType = file.xib; path = HomeInfoColCell.xib; sourceTree = "<group>"; };
		B69103C426381EC0005F2ACD /* HomeSeeAllCoursesView.xib */ = {isa = PBXFileReference; fileEncoding = 4; lastKnownFileType = file.xib; path = HomeSeeAllCoursesView.xib; sourceTree = "<group>"; };
		B69103C526381EC0005F2ACD /* HomeBannerColListCell.xib */ = {isa = PBXFileReference; fileEncoding = 4; lastKnownFileType = file.xib; path = HomeBannerColListCell.xib; sourceTree = "<group>"; };
		B69103C626381EC0005F2ACD /* HomeTopColCell.swift */ = {isa = PBXFileReference; fileEncoding = 4; lastKnownFileType = sourcecode.swift; path = HomeTopColCell.swift; sourceTree = "<group>"; };
		B69103C726381EC0005F2ACD /* HomeBannerColListCell.swift */ = {isa = PBXFileReference; fileEncoding = 4; lastKnownFileType = sourcecode.swift; path = HomeBannerColListCell.swift; sourceTree = "<group>"; };
		B69103C826381EC0005F2ACD /* HomeSeeAllCoursesView.swift */ = {isa = PBXFileReference; fileEncoding = 4; lastKnownFileType = sourcecode.swift; path = HomeSeeAllCoursesView.swift; sourceTree = "<group>"; };
		B69103C926381EC0005F2ACD /* HomeInfoColCell.swift */ = {isa = PBXFileReference; fileEncoding = 4; lastKnownFileType = sourcecode.swift; path = HomeInfoColCell.swift; sourceTree = "<group>"; };
		B69103CA26381EC0005F2ACD /* HomeTopColCell.xib */ = {isa = PBXFileReference; fileEncoding = 4; lastKnownFileType = file.xib; path = HomeTopColCell.xib; sourceTree = "<group>"; };
		B69103CC26381EC0005F2ACD /* LoginSecondViewController.swift */ = {isa = PBXFileReference; fileEncoding = 4; lastKnownFileType = sourcecode.swift; path = LoginSecondViewController.swift; sourceTree = "<group>"; };
		B69103CD26381EC0005F2ACD /* LoginSecondViewController.xib */ = {isa = PBXFileReference; fileEncoding = 4; lastKnownFileType = file.xib; path = LoginSecondViewController.xib; sourceTree = "<group>"; };
		B69103CE26381EC0005F2ACD /* LoginViewController.xib */ = {isa = PBXFileReference; fileEncoding = 4; lastKnownFileType = file.xib; path = LoginViewController.xib; sourceTree = "<group>"; };
		B69103CF26381EC0005F2ACD /* LoginViewController.swift */ = {isa = PBXFileReference; fileEncoding = 4; lastKnownFileType = sourcecode.swift; path = LoginViewController.swift; sourceTree = "<group>"; };
		B7AF5B3BF04D4937BDD322DF /* UserSubscriptionTrainer.swift */ = {isa = PBXFileReference; explicitFileType = undefined; fileEncoding = 4; includeInIndex = 0; lastKnownFileType = sourcecode.swift; name = UserSubscriptionTrainer.swift; path = amplify/generated/models/UserSubscriptionTrainer.swift; sourceTree = "<group>"; };
		C1DEDD732637460700F66A7C /* Mike.app */ = {isa = PBXFileReference; explicitFileType = wrapper.application; includeInIndex = 0; path = Mike.app; sourceTree = BUILT_PRODUCTS_DIR; };
		C1DEDD762637460700F66A7C /* MikeApp.swift */ = {isa = PBXFileReference; lastKnownFileType = sourcecode.swift; path = MikeApp.swift; sourceTree = "<group>"; };
		C1DEDD7A2637460900F66A7C /* Assets.xcassets */ = {isa = PBXFileReference; lastKnownFileType = folder.assetcatalog; path = Assets.xcassets; sourceTree = "<group>"; };
		C1DEDD7D2637460900F66A7C /* Preview Assets.xcassets */ = {isa = PBXFileReference; lastKnownFileType = folder.assetcatalog; path = "Preview Assets.xcassets"; sourceTree = "<group>"; };
		C1DEDD7F2637460900F66A7C /* Info.plist */ = {isa = PBXFileReference; lastKnownFileType = text.plist.xml; path = Info.plist; sourceTree = "<group>"; };
		C1DEDD87263746CB00F66A7C /* amplifyconfiguration.json */ = {isa = PBXFileReference; fileEncoding = 4; lastKnownFileType = text.json; path = amplifyconfiguration.json; sourceTree = SOURCE_ROOT; };
		C1DEDD88263746CB00F66A7C /* awsconfiguration.json */ = {isa = PBXFileReference; fileEncoding = 4; lastKnownFileType = text.json; path = awsconfiguration.json; sourceTree = SOURCE_ROOT; };
		C1DEDD9D2637524D00F66A7C /* Backend.swift */ = {isa = PBXFileReference; lastKnownFileType = sourcecode.swift; path = Backend.swift; sourceTree = "<group>"; };
		EB8F3BF2867A4D8294FB8222 /* UserProfile.swift */ = {isa = PBXFileReference; explicitFileType = undefined; fileEncoding = 4; includeInIndex = 0; lastKnownFileType = sourcecode.swift; name = UserProfile.swift; path = amplify/generated/models/UserProfile.swift; sourceTree = "<group>"; };
/* End PBXFileReference section */

/* Begin PBXFrameworksBuildPhase section */
		C1DEDD702637460700F66A7C /* Frameworks */ = {
			isa = PBXFrameworksBuildPhase;
			buildActionMask = 2147483647;
			files = (
				B69103B626381E4A005F2ACD /* AWSAPIPlugin in Frameworks */,
				B69103B026381E4A005F2ACD /* Amplify in Frameworks */,
				B68262D6263BD90500A32D5C /* SDWebImage in Frameworks */,
				B69103B226381E4A005F2ACD /* AWSCognitoAuthPlugin in Frameworks */,
				B69103BA26381E4A005F2ACD /* AWSDataStorePlugin in Frameworks */,
				B69103B426381E4A005F2ACD /* AWSS3StoragePlugin in Frameworks */,
				B69103B826381E4A005F2ACD /* AWSPluginsCore in Frameworks */,
				B69103F026385732005F2ACD /* AWSPinpointAnalyticsPlugin in Frameworks */,
			);
			runOnlyForDeploymentPostprocessing = 0;
		};
/* End PBXFrameworksBuildPhase section */

/* Begin PBXGroup section */
		2F497FEA72674F3DBFAB6C87 /* AmplifyConfig */ = {
			isa = PBXGroup;
			children = (
				158374CDF72240E79C4D8D6B /* amplifytools.xcconfig */,
				1E1D87B83BC34BB28DFEDE72 /* schema.graphql */,
			);
			name = AmplifyConfig;
			path = .;
			sourceTree = "<group>";
		};
		B68262AF2639AB5B00A32D5C /* Video */ = {
			isa = PBXGroup;
			children = (
				B68262B42639B04900A32D5C /* Cell */,
				B68262B02639AB7200A32D5C /* VideoViewController.swift */,
				B68262B12639AB7200A32D5C /* VideoViewController.xib */,
			);
			path = Video;
			sourceTree = "<group>";
		};
		B68262B42639B04900A32D5C /* Cell */ = {
			isa = PBXGroup;
			children = (
				B68262B52639B05600A32D5C /* ZZPlayerView.swift */,
			);
			path = Cell;
			sourceTree = "<group>";
		};
		B68262B72639B16100A32D5C /* Utils */ = {
			isa = PBXGroup;
			children = (
				B68262B82639B16100A32D5C /* UIColorExtension.swift */,
				B68262B92639B16100A32D5C /* StringUtils.swift */,
				B68262BA2639B16100A32D5C /* UIViewExtension.swift */,
			);
			path = Utils;
			sourceTree = "<group>";
		};
		B68262CA263BC77000A32D5C /* Model */ = {
			isa = PBXGroup;
			children = (
				B68262CB263BC7A200A32D5C /* LoginInfoModel.swift */,
			);
			path = Model;
			sourceTree = "<group>";
		};
		B68262CD263BC7A900A32D5C /* Tools */ = {
			isa = PBXGroup;
			children = (
				B68262CE263BC7A900A32D5C /* UserManager.swift */,
				B68262CF263BC7A900A32D5C /* ArchiveTool.swift */,
				B68262D0263BC7A900A32D5C /* LoginTools.swift */,
			);
			path = Tools;
			sourceTree = "<group>";
		};
		B68262D7263BFFC000A32D5C /* ThirdPartSDK */ = {
			isa = PBXGroup;
			children = (
				B68262D8263BFFEF00A32D5C /* MBProgressHUD */,
			);
			path = ThirdPartSDK;
			sourceTree = "<group>";
		};
		B68262D8263BFFEF00A32D5C /* MBProgressHUD */ = {
			isa = PBXGroup;
			children = (
				B68262DA263BFFEF00A32D5C /* MBProgressHUD.h */,
				B68262D9263BFFEF00A32D5C /* MBProgressHUD.m */,
				B68262E6263C088900A32D5C /* ToastHUD.swift */,
			);
			path = MBProgressHUD;
			sourceTree = "<group>";
		};
		B68262E3263C05BD00A32D5C /* Base */ = {
			isa = PBXGroup;
			children = (
				B68262E4263C05CB00A32D5C /* BaseViewController.swift */,
			);
			path = Base;
			sourceTree = "<group>";
		};
		B69103BC26381EC0005F2ACD /* Macros */ = {
			isa = PBXGroup;
			children = (
				B69103BD26381EC0005F2ACD /* Global.swift */,
				B68262AB2639A3F000A32D5C /* ApiMacro.swift */,
			);
			path = Macros;
			sourceTree = "<group>";
		};
		B69103BE26381EC0005F2ACD /* Functions */ = {
			isa = PBXGroup;
			children = (
				B68262AF2639AB5B00A32D5C /* Video */,
				B69103BF26381EC0005F2ACD /* Home */,
				B69103CB26381EC0005F2ACD /* Login */,
			);
			path = Functions;
			sourceTree = "<group>";
		};
		B69103BF26381EC0005F2ACD /* Home */ = {
			isa = PBXGroup;
			children = (
				B69103C126381EC0005F2ACD /* HomeViewController.swift */,
				B69103C026381EC0005F2ACD /* HomeViewController.xib */,
				B69103C226381EC0005F2ACD /* Cell */,
			);
			path = Home;
			sourceTree = "<group>";
		};
		B69103C226381EC0005F2ACD /* Cell */ = {
			isa = PBXGroup;
			children = (
				B69103C826381EC0005F2ACD /* HomeSeeAllCoursesView.swift */,
				B69103C426381EC0005F2ACD /* HomeSeeAllCoursesView.xib */,
				B69103C626381EC0005F2ACD /* HomeTopColCell.swift */,
				B69103CA26381EC0005F2ACD /* HomeTopColCell.xib */,
				B69103C726381EC0005F2ACD /* HomeBannerColListCell.swift */,
				B69103C526381EC0005F2ACD /* HomeBannerColListCell.xib */,
				B69103C926381EC0005F2ACD /* HomeInfoColCell.swift */,
				B69103C326381EC0005F2ACD /* HomeInfoColCell.xib */,
			);
			path = Cell;
			sourceTree = "<group>";
		};
		B69103CB26381EC0005F2ACD /* Login */ = {
			isa = PBXGroup;
			children = (
				B68262CD263BC7A900A32D5C /* Tools */,
				B68262CA263BC77000A32D5C /* Model */,
				B69103CC26381EC0005F2ACD /* LoginSecondViewController.swift */,
				B69103CD26381EC0005F2ACD /* LoginSecondViewController.xib */,
				B69103CF26381EC0005F2ACD /* LoginViewController.swift */,
				B69103CE26381EC0005F2ACD /* LoginViewController.xib */,
			);
			path = Login;
			sourceTree = "<group>";
		};
		B69103E52638229A005F2ACD /* Backend */ = {
			isa = PBXGroup;
			children = (
				C1DEDD9D2637524D00F66A7C /* Backend.swift */,
				B68262BE263A3E2300A32D5C /* GraphQLRequestExt.swift */,
			);
			path = Backend;
			sourceTree = "<group>";
		};
		B69103EE26385732005F2ACD /* Frameworks */ = {
			isa = PBXGroup;
			children = (
			);
			name = Frameworks;
			sourceTree = "<group>";
		};
		C1DEDD6A2637460700F66A7C = {
			isa = PBXGroup;
			children = (
				B68262E0263C024200A32D5C /* Mike-bridging-Header.h */,
				2F497FEA72674F3DBFAB6C87 /* AmplifyConfig */,
				F917A076CEBE4B85A3116ED7 /* AmplifyModels */,
				C1DEDD87263746CB00F66A7C /* amplifyconfiguration.json */,
				C1DEDD88263746CB00F66A7C /* awsconfiguration.json */,
				C1DEDD752637460700F66A7C /* Mike */,
				C1DEDD742637460700F66A7C /* Products */,
				B69103EE26385732005F2ACD /* Frameworks */,
			);
			sourceTree = "<group>";
		};
		C1DEDD742637460700F66A7C /* Products */ = {
			isa = PBXGroup;
			children = (
				C1DEDD732637460700F66A7C /* Mike.app */,
			);
			name = Products;
			sourceTree = "<group>";
		};
		C1DEDD752637460700F66A7C /* Mike */ = {
			isa = PBXGroup;
			children = (
				B68262E3263C05BD00A32D5C /* Base */,
				B68262D7263BFFC000A32D5C /* ThirdPartSDK */,
				B68262B72639B16100A32D5C /* Utils */,
				B69103E52638229A005F2ACD /* Backend */,
				B69103BE26381EC0005F2ACD /* Functions */,
				B69103BC26381EC0005F2ACD /* Macros */,
				C1DEDD762637460700F66A7C /* MikeApp.swift */,
				C1DEDD7A2637460900F66A7C /* Assets.xcassets */,
				C1DEDD7F2637460900F66A7C /* Info.plist */,
				C1DEDD7C2637460900F66A7C /* Preview Content */,
			);
			path = Mike;
			sourceTree = "<group>";
		};
		C1DEDD7C2637460900F66A7C /* Preview Content */ = {
			isa = PBXGroup;
			children = (
				C1DEDD7D2637460900F66A7C /* Preview Assets.xcassets */,
			);
			path = "Preview Content";
			sourceTree = "<group>";
		};
		F917A076CEBE4B85A3116ED7 /* AmplifyModels */ = {
			isa = PBXGroup;
			children = (
				1C68B47895EF48EFA9E65034 /* AmplifyModels.swift */,
				9FF8DCBE2F2D4E6CB29B2574 /* UserContent.swift */,
				ABC3466D4D8345B69DEDEE78 /* UserContent+Schema.swift */,
				EB8F3BF2867A4D8294FB8222 /* UserProfile.swift */,
				5C26378F98444C59A7F5AE6F /* UserProfile+Schema.swift */,
				3397087124EE4DEA8E0A9DB8 /* UserFavoriteContent.swift */,
				86C47EA47CB640F9BD028AEE /* UserFavoriteContent+Schema.swift */,
				B7AF5B3BF04D4937BDD322DF /* UserSubscriptionTrainer.swift */,
				96F9A5450EF24BFA96BC4FFF /* UserSubscriptionTrainer+Schema.swift */,
			);
			name = AmplifyModels;
			path = .;
			sourceTree = "<group>";
		};
/* End PBXGroup section */

/* Begin PBXNativeTarget section */
		C1DEDD722637460700F66A7C /* Mike */ = {
			isa = PBXNativeTarget;
			buildConfigurationList = C1DEDD822637460900F66A7C /* Build configuration list for PBXNativeTarget "Mike" */;
			buildPhases = (
				C1DEDD6F2637460700F66A7C /* Sources */,
				C1DEDD702637460700F66A7C /* Frameworks */,
				C1DEDD712637460700F66A7C /* Resources */,
			);
			buildRules = (
			);
			dependencies = (
			);
			name = Mike;
			packageProductDependencies = (
				B69103AF26381E4A005F2ACD /* Amplify */,
				B69103B126381E4A005F2ACD /* AWSCognitoAuthPlugin */,
				B69103B326381E4A005F2ACD /* AWSS3StoragePlugin */,
				B69103B526381E4A005F2ACD /* AWSAPIPlugin */,
				B69103B726381E4A005F2ACD /* AWSPluginsCore */,
				B69103B926381E4A005F2ACD /* AWSDataStorePlugin */,
				B69103EF26385732005F2ACD /* AWSPinpointAnalyticsPlugin */,
				B68262D5263BD90500A32D5C /* SDWebImage */,
			);
			productName = Mike;
			productReference = C1DEDD732637460700F66A7C /* Mike.app */;
			productType = "com.apple.product-type.application";
		};
/* End PBXNativeTarget section */

/* Begin PBXProject section */
		C1DEDD6B2637460700F66A7C /* Project object */ = {
			isa = PBXProject;
			attributes = {
				LastSwiftUpdateCheck = 1240;
				LastUpgradeCheck = 1240;
				TargetAttributes = {
					C1DEDD722637460700F66A7C = {
						CreatedOnToolsVersion = 12.4;
					};
				};
			};
			buildConfigurationList = C1DEDD6E2637460700F66A7C /* Build configuration list for PBXProject "Mike" */;
			compatibilityVersion = "Xcode 9.3";
			developmentRegion = en;
			hasScannedForEncodings = 0;
			knownRegions = (
				en,
				Base,
			);
			mainGroup = C1DEDD6A2637460700F66A7C;
			packageReferences = (
				B69103AE26381E4A005F2ACD /* XCRemoteSwiftPackageReference "amplify-ios" */,
				B68262D4263BD90500A32D5C /* XCRemoteSwiftPackageReference "SDWebImage" */,
			);
			productRefGroup = C1DEDD742637460700F66A7C /* Products */;
			projectDirPath = "";
			projectRoot = "";
			targets = (
				C1DEDD722637460700F66A7C /* Mike */,
			);
		};
/* End PBXProject section */

/* Begin PBXResourcesBuildPhase section */
		C1DEDD712637460700F66A7C /* Resources */ = {
			isa = PBXResourcesBuildPhase;
			buildActionMask = 2147483647;
			files = (
				C1DEDD8A263746CB00F66A7C /* awsconfiguration.json in Resources */,
				C1DEDD7E2637460900F66A7C /* Preview Assets.xcassets in Resources */,
				B68262B32639AB7200A32D5C /* VideoViewController.xib in Resources */,
				B69103DD26381EC0005F2ACD /* LoginViewController.xib in Resources */,
				B69103DA26381EC0005F2ACD /* HomeTopColCell.xib in Resources */,
				B69103D126381EC0005F2ACD /* HomeViewController.xib in Resources */,
				B69103D526381EC0005F2ACD /* HomeBannerColListCell.xib in Resources */,
				B69103D326381EC0005F2ACD /* HomeInfoColCell.xib in Resources */,
				B69103DC26381EC0005F2ACD /* LoginSecondViewController.xib in Resources */,
				C1DEDD89263746CB00F66A7C /* amplifyconfiguration.json in Resources */,
				B69103D426381EC0005F2ACD /* HomeSeeAllCoursesView.xib in Resources */,
				C1DEDD7B2637460900F66A7C /* Assets.xcassets in Resources */,
			);
			runOnlyForDeploymentPostprocessing = 0;
		};
/* End PBXResourcesBuildPhase section */

/* Begin PBXSourcesBuildPhase section */
		C1DEDD6F2637460700F66A7C /* Sources */ = {
			isa = PBXSourcesBuildPhase;
			buildActionMask = 2147483647;
			files = (
				C1DEDD9E2637524D00F66A7C /* Backend.swift in Sources */,
				B68262CC263BC7A200A32D5C /* LoginInfoModel.swift in Sources */,
				B69103D926381EC0005F2ACD /* HomeInfoColCell.swift in Sources */,
				B68262BD2639B16100A32D5C /* UIViewExtension.swift in Sources */,
				B68262B22639AB7200A32D5C /* VideoViewController.swift in Sources */,
				C1DEDD772637460700F66A7C /* MikeApp.swift in Sources */,
				B68262D1263BC7A900A32D5C /* UserManager.swift in Sources */,
				B68262D2263BC7A900A32D5C /* ArchiveTool.swift in Sources */,
				B68262D3263BC7A900A32D5C /* LoginTools.swift in Sources */,
				B68262B62639B05600A32D5C /* ZZPlayerView.swift in Sources */,
				B68262BF263A3E2300A32D5C /* GraphQLRequestExt.swift in Sources */,
				B68262BC2639B16100A32D5C /* StringUtils.swift in Sources */,
				B69103DB26381EC0005F2ACD /* LoginSecondViewController.swift in Sources */,
				B68262E5263C05CB00A32D5C /* BaseViewController.swift in Sources */,
				B68262BB2639B16100A32D5C /* UIColorExtension.swift in Sources */,
				B69103D726381EC0005F2ACD /* HomeBannerColListCell.swift in Sources */,
				B68262AC2639A3F000A32D5C /* ApiMacro.swift in Sources */,
				5E9EE731278E41A6BFDCE28A /* AmplifyModels.swift in Sources */,
				661922BAC3E9493399943D1A /* UserContent.swift in Sources */,
				B69103D826381EC0005F2ACD /* HomeSeeAllCoursesView.swift in Sources */,
				B69103D226381EC0005F2ACD /* HomeViewController.swift in Sources */,
				503E02E0497E4EFF9D9BD770 /* UserContent+Schema.swift in Sources */,
				CB02F7E746244ECC95ED67D5 /* UserProfile.swift in Sources */,
				B68262DB263BFFEF00A32D5C /* MBProgressHUD.m in Sources */,
				B69103DE26381EC0005F2ACD /* LoginViewController.swift in Sources */,
				7E856A1F4B6F44F8AA35D746 /* UserProfile+Schema.swift in Sources */,
				B69103D626381EC0005F2ACD /* HomeTopColCell.swift in Sources */,
				B69103D026381EC0005F2ACD /* Global.swift in Sources */,
				2D300B2B0DB846128C62C062 /* UserFavoriteContent.swift in Sources */,
				C7AE4A5E865D4D0A92465D35 /* UserFavoriteContent+Schema.swift in Sources */,
				B68262E7263C088900A32D5C /* ToastHUD.swift in Sources */,
				A690E02738114B2F88B979ED /* UserSubscriptionTrainer.swift in Sources */,
				E580130BA74747999F57955C /* UserSubscriptionTrainer+Schema.swift in Sources */,
			);
			runOnlyForDeploymentPostprocessing = 0;
		};
/* End PBXSourcesBuildPhase section */

/* Begin XCBuildConfiguration section */
		C1DEDD802637460900F66A7C /* Debug */ = {
			isa = XCBuildConfiguration;
			buildSettings = {
				ALWAYS_SEARCH_USER_PATHS = NO;
				CLANG_ANALYZER_NONNULL = YES;
				CLANG_ANALYZER_NUMBER_OBJECT_CONVERSION = YES_AGGRESSIVE;
				CLANG_CXX_LANGUAGE_STANDARD = "gnu++14";
				CLANG_CXX_LIBRARY = "libc++";
				CLANG_ENABLE_MODULES = YES;
				CLANG_ENABLE_OBJC_ARC = YES;
				CLANG_ENABLE_OBJC_WEAK = YES;
				CLANG_WARN_BLOCK_CAPTURE_AUTORELEASING = YES;
				CLANG_WARN_BOOL_CONVERSION = YES;
				CLANG_WARN_COMMA = YES;
				CLANG_WARN_CONSTANT_CONVERSION = YES;
				CLANG_WARN_DEPRECATED_OBJC_IMPLEMENTATIONS = YES;
				CLANG_WARN_DIRECT_OBJC_ISA_USAGE = YES_ERROR;
				CLANG_WARN_DOCUMENTATION_COMMENTS = YES;
				CLANG_WARN_EMPTY_BODY = YES;
				CLANG_WARN_ENUM_CONVERSION = YES;
				CLANG_WARN_INFINITE_RECURSION = YES;
				CLANG_WARN_INT_CONVERSION = YES;
				CLANG_WARN_NON_LITERAL_NULL_CONVERSION = YES;
				CLANG_WARN_OBJC_IMPLICIT_RETAIN_SELF = YES;
				CLANG_WARN_OBJC_LITERAL_CONVERSION = YES;
				CLANG_WARN_OBJC_ROOT_CLASS = YES_ERROR;
				CLANG_WARN_QUOTED_INCLUDE_IN_FRAMEWORK_HEADER = YES;
				CLANG_WARN_RANGE_LOOP_ANALYSIS = YES;
				CLANG_WARN_STRICT_PROTOTYPES = YES;
				CLANG_WARN_SUSPICIOUS_MOVE = YES;
				CLANG_WARN_UNGUARDED_AVAILABILITY = YES_AGGRESSIVE;
				CLANG_WARN_UNREACHABLE_CODE = YES;
				CLANG_WARN__DUPLICATE_METHOD_MATCH = YES;
				COPY_PHASE_STRIP = NO;
				DEBUG_INFORMATION_FORMAT = dwarf;
				ENABLE_STRICT_OBJC_MSGSEND = YES;
				ENABLE_TESTABILITY = YES;
				GCC_C_LANGUAGE_STANDARD = gnu11;
				GCC_DYNAMIC_NO_PIC = NO;
				GCC_NO_COMMON_BLOCKS = YES;
				GCC_OPTIMIZATION_LEVEL = 0;
				GCC_PREPROCESSOR_DEFINITIONS = (
					"DEBUG=1",
					"$(inherited)",
				);
				GCC_WARN_64_TO_32_BIT_CONVERSION = YES;
				GCC_WARN_ABOUT_RETURN_TYPE = YES_ERROR;
				GCC_WARN_UNDECLARED_SELECTOR = YES;
				GCC_WARN_UNINITIALIZED_AUTOS = YES_AGGRESSIVE;
				GCC_WARN_UNUSED_FUNCTION = YES;
				GCC_WARN_UNUSED_VARIABLE = YES;
				IPHONEOS_DEPLOYMENT_TARGET = 14.4;
				MTL_ENABLE_DEBUG_INFO = INCLUDE_SOURCE;
				MTL_FAST_MATH = YES;
				ONLY_ACTIVE_ARCH = YES;
				SDKROOT = iphoneos;
				SWIFT_ACTIVE_COMPILATION_CONDITIONS = DEBUG;
				SWIFT_OPTIMIZATION_LEVEL = "-Onone";
			};
			name = Debug;
		};
		C1DEDD812637460900F66A7C /* Release */ = {
			isa = XCBuildConfiguration;
			buildSettings = {
				ALWAYS_SEARCH_USER_PATHS = NO;
				CLANG_ANALYZER_NONNULL = YES;
				CLANG_ANALYZER_NUMBER_OBJECT_CONVERSION = YES_AGGRESSIVE;
				CLANG_CXX_LANGUAGE_STANDARD = "gnu++14";
				CLANG_CXX_LIBRARY = "libc++";
				CLANG_ENABLE_MODULES = YES;
				CLANG_ENABLE_OBJC_ARC = YES;
				CLANG_ENABLE_OBJC_WEAK = YES;
				CLANG_WARN_BLOCK_CAPTURE_AUTORELEASING = YES;
				CLANG_WARN_BOOL_CONVERSION = YES;
				CLANG_WARN_COMMA = YES;
				CLANG_WARN_CONSTANT_CONVERSION = YES;
				CLANG_WARN_DEPRECATED_OBJC_IMPLEMENTATIONS = YES;
				CLANG_WARN_DIRECT_OBJC_ISA_USAGE = YES_ERROR;
				CLANG_WARN_DOCUMENTATION_COMMENTS = YES;
				CLANG_WARN_EMPTY_BODY = YES;
				CLANG_WARN_ENUM_CONVERSION = YES;
				CLANG_WARN_INFINITE_RECURSION = YES;
				CLANG_WARN_INT_CONVERSION = YES;
				CLANG_WARN_NON_LITERAL_NULL_CONVERSION = YES;
				CLANG_WARN_OBJC_IMPLICIT_RETAIN_SELF = YES;
				CLANG_WARN_OBJC_LITERAL_CONVERSION = YES;
				CLANG_WARN_OBJC_ROOT_CLASS = YES_ERROR;
				CLANG_WARN_QUOTED_INCLUDE_IN_FRAMEWORK_HEADER = YES;
				CLANG_WARN_RANGE_LOOP_ANALYSIS = YES;
				CLANG_WARN_STRICT_PROTOTYPES = YES;
				CLANG_WARN_SUSPICIOUS_MOVE = YES;
				CLANG_WARN_UNGUARDED_AVAILABILITY = YES_AGGRESSIVE;
				CLANG_WARN_UNREACHABLE_CODE = YES;
				CLANG_WARN__DUPLICATE_METHOD_MATCH = YES;
				COPY_PHASE_STRIP = NO;
				DEBUG_INFORMATION_FORMAT = "dwarf-with-dsym";
				ENABLE_NS_ASSERTIONS = NO;
				ENABLE_STRICT_OBJC_MSGSEND = YES;
				GCC_C_LANGUAGE_STANDARD = gnu11;
				GCC_NO_COMMON_BLOCKS = YES;
				GCC_WARN_64_TO_32_BIT_CONVERSION = YES;
				GCC_WARN_ABOUT_RETURN_TYPE = YES_ERROR;
				GCC_WARN_UNDECLARED_SELECTOR = YES;
				GCC_WARN_UNINITIALIZED_AUTOS = YES_AGGRESSIVE;
				GCC_WARN_UNUSED_FUNCTION = YES;
				GCC_WARN_UNUSED_VARIABLE = YES;
				IPHONEOS_DEPLOYMENT_TARGET = 14.4;
				MTL_ENABLE_DEBUG_INFO = NO;
				MTL_FAST_MATH = YES;
				SDKROOT = iphoneos;
				SWIFT_COMPILATION_MODE = wholemodule;
				SWIFT_OPTIMIZATION_LEVEL = "-O";
				VALIDATE_PRODUCT = YES;
			};
			name = Release;
		};
		C1DEDD832637460900F66A7C /* Debug */ = {
			isa = XCBuildConfiguration;
			buildSettings = {
				ASSETCATALOG_COMPILER_APPICON_NAME = AppIcon;
				ASSETCATALOG_COMPILER_GLOBAL_ACCENT_COLOR_NAME = AccentColor;
				CODE_SIGN_STYLE = Automatic;
				DEVELOPMENT_ASSET_PATHS = "\"Mike/Preview Content\"";
				DEVELOPMENT_TEAM = DD77NQH849;
				ENABLE_PREVIEWS = YES;
				INFOPLIST_FILE = Mike/Info.plist;
				IPHONEOS_DEPLOYMENT_TARGET = 14.0;
				LD_RUNPATH_SEARCH_PATHS = (
					"$(inherited)",
					"@executable_path/Frameworks",
				);
				PRODUCT_BUNDLE_IDENTIFIER = FYang.Mike;
				PRODUCT_NAME = "$(TARGET_NAME)";
				SWIFT_OBJC_BRIDGING_HEADER = "Mike-bridging-Header.h";
				SWIFT_VERSION = 5.0;
				TARGETED_DEVICE_FAMILY = "1,2";
			};
			name = Debug;
		};
		C1DEDD842637460900F66A7C /* Release */ = {
			isa = XCBuildConfiguration;
			buildSettings = {
				ASSETCATALOG_COMPILER_APPICON_NAME = AppIcon;
				ASSETCATALOG_COMPILER_GLOBAL_ACCENT_COLOR_NAME = AccentColor;
				CODE_SIGN_STYLE = Automatic;
				DEVELOPMENT_ASSET_PATHS = "\"Mike/Preview Content\"";
				DEVELOPMENT_TEAM = DD77NQH849;
				ENABLE_PREVIEWS = YES;
				INFOPLIST_FILE = Mike/Info.plist;
				IPHONEOS_DEPLOYMENT_TARGET = 14.0;
				LD_RUNPATH_SEARCH_PATHS = (
					"$(inherited)",
					"@executable_path/Frameworks",
				);
				PRODUCT_BUNDLE_IDENTIFIER = FYang.Mike;
				PRODUCT_NAME = "$(TARGET_NAME)";
				SWIFT_OBJC_BRIDGING_HEADER = "Mike-bridging-Header.h";
				SWIFT_VERSION = 5.0;
				TARGETED_DEVICE_FAMILY = "1,2";
			};
			name = Release;
		};
/* End XCBuildConfiguration section */

/* Begin XCConfigurationList section */
		C1DEDD6E2637460700F66A7C /* Build configuration list for PBXProject "Mike" */ = {
			isa = XCConfigurationList;
			buildConfigurations = (
				C1DEDD802637460900F66A7C /* Debug */,
				C1DEDD812637460900F66A7C /* Release */,
			);
			defaultConfigurationIsVisible = 0;
			defaultConfigurationName = Release;
		};
		C1DEDD822637460900F66A7C /* Build configuration list for PBXNativeTarget "Mike" */ = {
			isa = XCConfigurationList;
			buildConfigurations = (
				C1DEDD832637460900F66A7C /* Debug */,
				C1DEDD842637460900F66A7C /* Release */,
			);
			defaultConfigurationIsVisible = 0;
			defaultConfigurationName = Release;
		};
/* End XCConfigurationList section */

/* Begin XCRemoteSwiftPackageReference section */
		B68262D4263BD90500A32D5C /* XCRemoteSwiftPackageReference "SDWebImage" */ = {
			isa = XCRemoteSwiftPackageReference;
			repositoryURL = "https://github.com/SDWebImage/SDWebImage.git";
			requirement = {
				kind = upToNextMajorVersion;
				minimumVersion = 5.11.1;
			};
		};
		B69103AE26381E4A005F2ACD /* XCRemoteSwiftPackageReference "amplify-ios" */ = {
			isa = XCRemoteSwiftPackageReference;
			repositoryURL = "https://github.com/aws-amplify/amplify-ios";
			requirement = {
				kind = upToNextMajorVersion;
				minimumVersion = 1.9.0;
			};
		};
/* End XCRemoteSwiftPackageReference section */

/* Begin XCSwiftPackageProductDependency section */
		B68262D5263BD90500A32D5C /* SDWebImage */ = {
			isa = XCSwiftPackageProductDependency;
			package = B68262D4263BD90500A32D5C /* XCRemoteSwiftPackageReference "SDWebImage" */;
			productName = SDWebImage;
		};
		B69103AF26381E4A005F2ACD /* Amplify */ = {
			isa = XCSwiftPackageProductDependency;
			package = B69103AE26381E4A005F2ACD /* XCRemoteSwiftPackageReference "amplify-ios" */;
			productName = Amplify;
		};
		B69103B126381E4A005F2ACD /* AWSCognitoAuthPlugin */ = {
			isa = XCSwiftPackageProductDependency;
			package = B69103AE26381E4A005F2ACD /* XCRemoteSwiftPackageReference "amplify-ios" */;
			productName = AWSCognitoAuthPlugin;
		};
		B69103B326381E4A005F2ACD /* AWSS3StoragePlugin */ = {
			isa = XCSwiftPackageProductDependency;
			package = B69103AE26381E4A005F2ACD /* XCRemoteSwiftPackageReference "amplify-ios" */;
			productName = AWSS3StoragePlugin;
		};
		B69103B526381E4A005F2ACD /* AWSAPIPlugin */ = {
			isa = XCSwiftPackageProductDependency;
			package = B69103AE26381E4A005F2ACD /* XCRemoteSwiftPackageReference "amplify-ios" */;
			productName = AWSAPIPlugin;
		};
		B69103B726381E4A005F2ACD /* AWSPluginsCore */ = {
			isa = XCSwiftPackageProductDependency;
			package = B69103AE26381E4A005F2ACD /* XCRemoteSwiftPackageReference "amplify-ios" */;
			productName = AWSPluginsCore;
		};
		B69103B926381E4A005F2ACD /* AWSDataStorePlugin */ = {
			isa = XCSwiftPackageProductDependency;
			package = B69103AE26381E4A005F2ACD /* XCRemoteSwiftPackageReference "amplify-ios" */;
			productName = AWSDataStorePlugin;
		};
		B69103EF26385732005F2ACD /* AWSPinpointAnalyticsPlugin */ = {
			isa = XCSwiftPackageProductDependency;
			package = B69103AE26381E4A005F2ACD /* XCRemoteSwiftPackageReference "amplify-ios" */;
			productName = AWSPinpointAnalyticsPlugin;
		};
/* End XCSwiftPackageProductDependency section */
	};
	rootObject = C1DEDD6B2637460700F66A7C /* Project object */;
}
