// !$*UTF8*$!
{
	archiveVersion = 1;
	classes = {
	};
	objectVersion = 52;
	objects = {

/* Begin PBXBuildFile section */
		503E02E0497E4EFF9D9BD770 /* UserContent+Schema.swift in Sources */ = {isa = PBXBuildFile; fileRef = ABC3466D4D8345B69DEDEE78 /* UserContent+Schema.swift */; };
		5E9EE731278E41A6BFDCE28A /* AmplifyModels.swift in Sources */ = {isa = PBXBuildFile; fileRef = 1C68B47895EF48EFA9E65034 /* AmplifyModels.swift */; };
		661922BAC3E9493399943D1A /* UserContent.swift in Sources */ = {isa = PBXBuildFile; fileRef = 9FF8DCBE2F2D4E6CB29B2574 /* UserContent.swift */; };
		7E856A1F4B6F44F8AA35D746 /* UserProfile+Schema.swift in Sources */ = {isa = PBXBuildFile; fileRef = 5C26378F98444C59A7F5AE6F /* UserProfile+Schema.swift */; };
		C1DEDD772637460700F66A7C /* MikeApp.swift in Sources */ = {isa = PBXBuildFile; fileRef = C1DEDD762637460700F66A7C /* MikeApp.swift */; };
		C1DEDD792637460700F66A7C /* ContentView.swift in Sources */ = {isa = PBXBuildFile; fileRef = C1DEDD782637460700F66A7C /* ContentView.swift */; };
		C1DEDD7B2637460900F66A7C /* Assets.xcassets in Resources */ = {isa = PBXBuildFile; fileRef = C1DEDD7A2637460900F66A7C /* Assets.xcassets */; };
		C1DEDD7E2637460900F66A7C /* Preview Assets.xcassets in Resources */ = {isa = PBXBuildFile; fileRef = C1DEDD7D2637460900F66A7C /* Preview Assets.xcassets */; };
		C1DEDD89263746CB00F66A7C /* amplifyconfiguration.json in Resources */ = {isa = PBXBuildFile; fileRef = C1DEDD87263746CB00F66A7C /* amplifyconfiguration.json */; };
		C1DEDD8A263746CB00F66A7C /* awsconfiguration.json in Resources */ = {isa = PBXBuildFile; fileRef = C1DEDD88263746CB00F66A7C /* awsconfiguration.json */; };
		C1DEDD9026374C2600F66A7C /* Amplify in Frameworks */ = {isa = PBXBuildFile; productRef = C1DEDD8F26374C2600F66A7C /* Amplify */; };
		C1DEDD9226374C2600F66A7C /* AWSCognitoAuthPlugin in Frameworks */ = {isa = PBXBuildFile; productRef = C1DEDD9126374C2600F66A7C /* AWSCognitoAuthPlugin */; };
		C1DEDD9426374C2600F66A7C /* AWSS3StoragePlugin in Frameworks */ = {isa = PBXBuildFile; productRef = C1DEDD9326374C2600F66A7C /* AWSS3StoragePlugin */; };
		C1DEDD9626374C2600F66A7C /* AWSAPIPlugin in Frameworks */ = {isa = PBXBuildFile; productRef = C1DEDD9526374C2600F66A7C /* AWSAPIPlugin */; };
		C1DEDD9826374C2600F66A7C /* AWSPluginsCore in Frameworks */ = {isa = PBXBuildFile; productRef = C1DEDD9726374C2600F66A7C /* AWSPluginsCore */; };
		C1DEDD9A26374C2600F66A7C /* AWSDataStorePlugin in Frameworks */ = {isa = PBXBuildFile; productRef = C1DEDD9926374C2600F66A7C /* AWSDataStorePlugin */; };
		C1DEDD9E2637524D00F66A7C /* Backend.swift in Sources */ = {isa = PBXBuildFile; fileRef = C1DEDD9D2637524D00F66A7C /* Backend.swift */; };
		CB02F7E746244ECC95ED67D5 /* UserProfile.swift in Sources */ = {isa = PBXBuildFile; fileRef = EB8F3BF2867A4D8294FB8222 /* UserProfile.swift */; };
/* End PBXBuildFile section */

/* Begin PBXFileReference section */
		158374CDF72240E79C4D8D6B /* amplifytools.xcconfig */ = {isa = PBXFileReference; explicitFileType = undefined; fileEncoding = 4; includeInIndex = 0; lastKnownFileType = text.xcconfig; path = amplifytools.xcconfig; sourceTree = "<group>"; };
		1C68B47895EF48EFA9E65034 /* AmplifyModels.swift */ = {isa = PBXFileReference; explicitFileType = undefined; fileEncoding = 4; includeInIndex = 0; lastKnownFileType = sourcecode.swift; name = AmplifyModels.swift; path = amplify/generated/models/AmplifyModels.swift; sourceTree = "<group>"; };
		1E1D87B83BC34BB28DFEDE72 /* schema.graphql */ = {isa = PBXFileReference; explicitFileType = undefined; fileEncoding = 4; includeInIndex = 0; lastKnownFileType = text; name = schema.graphql; path = amplify/backend/api/mikeAmplify/schema.graphql; sourceTree = "<group>"; };
		5C26378F98444C59A7F5AE6F /* UserProfile+Schema.swift */ = {isa = PBXFileReference; explicitFileType = undefined; fileEncoding = 4; includeInIndex = 0; lastKnownFileType = sourcecode.swift; name = "UserProfile+Schema.swift"; path = "amplify/generated/models/UserProfile+Schema.swift"; sourceTree = "<group>"; };
		9FF8DCBE2F2D4E6CB29B2574 /* UserContent.swift */ = {isa = PBXFileReference; explicitFileType = undefined; fileEncoding = 4; includeInIndex = 0; lastKnownFileType = sourcecode.swift; name = UserContent.swift; path = amplify/generated/models/UserContent.swift; sourceTree = "<group>"; };
		ABC3466D4D8345B69DEDEE78 /* UserContent+Schema.swift */ = {isa = PBXFileReference; explicitFileType = undefined; fileEncoding = 4; includeInIndex = 0; lastKnownFileType = sourcecode.swift; name = "UserContent+Schema.swift"; path = "amplify/generated/models/UserContent+Schema.swift"; sourceTree = "<group>"; };
		C1DEDD732637460700F66A7C /* Mike.app */ = {isa = PBXFileReference; explicitFileType = wrapper.application; includeInIndex = 0; path = Mike.app; sourceTree = BUILT_PRODUCTS_DIR; };
		C1DEDD762637460700F66A7C /* MikeApp.swift */ = {isa = PBXFileReference; lastKnownFileType = sourcecode.swift; path = MikeApp.swift; sourceTree = "<group>"; };
		C1DEDD782637460700F66A7C /* ContentView.swift */ = {isa = PBXFileReference; lastKnownFileType = sourcecode.swift; path = ContentView.swift; sourceTree = "<group>"; };
		C1DEDD7A2637460900F66A7C /* Assets.xcassets */ = {isa = PBXFileReference; lastKnownFileType = folder.assetcatalog; path = Assets.xcassets; sourceTree = "<group>"; };
		C1DEDD7D2637460900F66A7C /* Preview Assets.xcassets */ = {isa = PBXFileReference; lastKnownFileType = folder.assetcatalog; path = "Preview Assets.xcassets"; sourceTree = "<group>"; };
		C1DEDD7F2637460900F66A7C /* Info.plist */ = {isa = PBXFileReference; lastKnownFileType = text.plist.xml; path = Info.plist; sourceTree = "<group>"; };
		C1DEDD87263746CB00F66A7C /* amplifyconfiguration.json */ = {isa = PBXFileReference; fileEncoding = 4; lastKnownFileType = text.json; path = amplifyconfiguration.json; sourceTree = SOURCE_ROOT; };
		C1DEDD88263746CB00F66A7C /* awsconfiguration.json */ = {isa = PBXFileReference; fileEncoding = 4; lastKnownFileType = text.json; path = awsconfiguration.json; sourceTree = SOURCE_ROOT; };
		C1DEDD9D2637524D00F66A7C /* Backend.swift */ = {isa = PBXFileReference; lastKnownFileType = sourcecode.swift; path = Backend.swift; sourceTree = "<group>"; };
		EB8F3BF2867A4D8294FB8222 /* UserProfile.swift */ = {isa = PBXFileReference; explicitFileType = undefined; fileEncoding = 4; includeInIndex = 0; lastKnownFileType = sourcecode.swift; name = UserProfile.swift; path = amplify/generated/models/UserProfile.swift; sourceTree = "<group>"; };
/* End PBXFileReference section */

/* Begin PBXFrameworksBuildPhase section */
		C1DEDD702637460700F66A7C /* Frameworks */ = {
			isa = PBXFrameworksBuildPhase;
			buildActionMask = 2147483647;
			files = (
				C1DEDD9626374C2600F66A7C /* AWSAPIPlugin in Frameworks */,
				C1DEDD9026374C2600F66A7C /* Amplify in Frameworks */,
				C1DEDD9226374C2600F66A7C /* AWSCognitoAuthPlugin in Frameworks */,
				C1DEDD9A26374C2600F66A7C /* AWSDataStorePlugin in Frameworks */,
				C1DEDD9426374C2600F66A7C /* AWSS3StoragePlugin in Frameworks */,
				C1DEDD9826374C2600F66A7C /* AWSPluginsCore in Frameworks */,
			);
			runOnlyForDeploymentPostprocessing = 0;
		};
/* End PBXFrameworksBuildPhase section */

/* Begin PBXGroup section */
		2F497FEA72674F3DBFAB6C87 /* AmplifyConfig */ = {
			isa = PBXGroup;
			children = (
				158374CDF72240E79C4D8D6B /* amplifytools.xcconfig */,
				1E1D87B83BC34BB28DFEDE72 /* schema.graphql */,
			);
			name = AmplifyConfig;
			path = .;
			sourceTree = "<group>";
		};
		C1DEDD6A2637460700F66A7C = {
			isa = PBXGroup;
			children = (
				2F497FEA72674F3DBFAB6C87 /* AmplifyConfig */,
				F917A076CEBE4B85A3116ED7 /* AmplifyModels */,
				C1DEDD87263746CB00F66A7C /* amplifyconfiguration.json */,
				C1DEDD88263746CB00F66A7C /* awsconfiguration.json */,
				C1DEDD752637460700F66A7C /* Mike */,
				C1DEDD742637460700F66A7C /* Products */,
			);
			sourceTree = "<group>";
		};
		C1DEDD742637460700F66A7C /* Products */ = {
			isa = PBXGroup;
			children = (
				C1DEDD732637460700F66A7C /* Mike.app */,
			);
			name = Products;
			sourceTree = "<group>";
		};
		C1DEDD752637460700F66A7C /* Mike */ = {
			isa = PBXGroup;
			children = (
				C1DEDD762637460700F66A7C /* MikeApp.swift */,
				C1DEDD782637460700F66A7C /* ContentView.swift */,
				C1DEDD7A2637460900F66A7C /* Assets.xcassets */,
				C1DEDD7F2637460900F66A7C /* Info.plist */,
				C1DEDD7C2637460900F66A7C /* Preview Content */,
				C1DEDD9D2637524D00F66A7C /* Backend.swift */,
			);
			path = Mike;
			sourceTree = "<group>";
		};
		C1DEDD7C2637460900F66A7C /* Preview Content */ = {
			isa = PBXGroup;
			children = (
				C1DEDD7D2637460900F66A7C /* Preview Assets.xcassets */,
			);
			path = "Preview Content";
			sourceTree = "<group>";
		};
		F917A076CEBE4B85A3116ED7 /* AmplifyModels */ = {
			isa = PBXGroup;
			children = (
				1C68B47895EF48EFA9E65034 /* AmplifyModels.swift */,
				9FF8DCBE2F2D4E6CB29B2574 /* UserContent.swift */,
				ABC3466D4D8345B69DEDEE78 /* UserContent+Schema.swift */,
				EB8F3BF2867A4D8294FB8222 /* UserProfile.swift */,
				5C26378F98444C59A7F5AE6F /* UserProfile+Schema.swift */,
			);
			name = AmplifyModels;
			path = .;
			sourceTree = "<group>";
		};
/* End PBXGroup section */

/* Begin PBXNativeTarget section */
		C1DEDD722637460700F66A7C /* Mike */ = {
			isa = PBXNativeTarget;
			buildConfigurationList = C1DEDD822637460900F66A7C /* Build configuration list for PBXNativeTarget "Mike" */;
			buildPhases = (
				C1DEDD6F2637460700F66A7C /* Sources */,
				C1DEDD702637460700F66A7C /* Frameworks */,
				C1DEDD712637460700F66A7C /* Resources */,
			);
			buildRules = (
			);
			dependencies = (
			);
			name = Mike;
			packageProductDependencies = (
				C1DEDD8F26374C2600F66A7C /* Amplify */,
				C1DEDD9126374C2600F66A7C /* AWSCognitoAuthPlugin */,
				C1DEDD9326374C2600F66A7C /* AWSS3StoragePlugin */,
				C1DEDD9526374C2600F66A7C /* AWSAPIPlugin */,
				C1DEDD9726374C2600F66A7C /* AWSPluginsCore */,
				C1DEDD9926374C2600F66A7C /* AWSDataStorePlugin */,
			);
			productName = Mike;
			productReference = C1DEDD732637460700F66A7C /* Mike.app */;
			productType = "com.apple.product-type.application";
		};
/* End PBXNativeTarget section */

/* Begin PBXProject section */
		C1DEDD6B2637460700F66A7C /* Project object */ = {
			isa = PBXProject;
			attributes = {
				LastSwiftUpdateCheck = 1240;
				LastUpgradeCheck = 1240;
				TargetAttributes = {
					C1DEDD722637460700F66A7C = {
						CreatedOnToolsVersion = 12.4;
					};
				};
			};
			buildConfigurationList = C1DEDD6E2637460700F66A7C /* Build configuration list for PBXProject "Mike" */;
			compatibilityVersion = "Xcode 9.3";
			developmentRegion = en;
			hasScannedForEncodings = 0;
			knownRegions = (
				en,
				Base,
			);
			mainGroup = C1DEDD6A2637460700F66A7C;
			packageReferences = (
				C1DEDD8E26374C2600F66A7C /* XCRemoteSwiftPackageReference "amplify-ios" */,
			);
			productRefGroup = C1DEDD742637460700F66A7C /* Products */;
			projectDirPath = "";
			projectRoot = "";
			targets = (
				C1DEDD722637460700F66A7C /* Mike */,
			);
		};
/* End PBXProject section */

/* Begin PBXResourcesBuildPhase section */
		C1DEDD712637460700F66A7C /* Resources */ = {
			isa = PBXResourcesBuildPhase;
			buildActionMask = 2147483647;
			files = (
				C1DEDD8A263746CB00F66A7C /* awsconfiguration.json in Resources */,
				C1DEDD7E2637460900F66A7C /* Preview Assets.xcassets in Resources */,
				C1DEDD89263746CB00F66A7C /* amplifyconfiguration.json in Resources */,
				C1DEDD7B2637460900F66A7C /* Assets.xcassets in Resources */,
			);
			runOnlyForDeploymentPostprocessing = 0;
		};
/* End PBXResourcesBuildPhase section */

/* Begin PBXSourcesBuildPhase section */
		C1DEDD6F2637460700F66A7C /* Sources */ = {
			isa = PBXSourcesBuildPhase;
			buildActionMask = 2147483647;
			files = (
				C1DEDD9E2637524D00F66A7C /* Backend.swift in Sources */,
				C1DEDD792637460700F66A7C /* ContentView.swift in Sources */,
				C1DEDD772637460700F66A7C /* MikeApp.swift in Sources */,
				5E9EE731278E41A6BFDCE28A /* AmplifyModels.swift in Sources */,
				661922BAC3E9493399943D1A /* UserContent.swift in Sources */,
				503E02E0497E4EFF9D9BD770 /* UserContent+Schema.swift in Sources */,
				CB02F7E746244ECC95ED67D5 /* UserProfile.swift in Sources */,
				7E856A1F4B6F44F8AA35D746 /* UserProfile+Schema.swift in Sources */,
			);
			runOnlyForDeploymentPostprocessing = 0;
		};
/* End PBXSourcesBuildPhase section */

/* Begin XCBuildConfiguration section */
		C1DEDD802637460900F66A7C /* Debug */ = {
			isa = XCBuildConfiguration;
			buildSettings = {
				ALWAYS_SEARCH_USER_PATHS = NO;
				CLANG_ANALYZER_NONNULL = YES;
				CLANG_ANALYZER_NUMBER_OBJECT_CONVERSION = YES_AGGRESSIVE;
				CLANG_CXX_LANGUAGE_STANDARD = "gnu++14";
				CLANG_CXX_LIBRARY = "libc++";
				CLANG_ENABLE_MODULES = YES;
				CLANG_ENABLE_OBJC_ARC = YES;
				CLANG_ENABLE_OBJC_WEAK = YES;
				CLANG_WARN_BLOCK_CAPTURE_AUTORELEASING = YES;
				CLANG_WARN_BOOL_CONVERSION = YES;
				CLANG_WARN_COMMA = YES;
				CLANG_WARN_CONSTANT_CONVERSION = YES;
				CLANG_WARN_DEPRECATED_OBJC_IMPLEMENTATIONS = YES;
				CLANG_WARN_DIRECT_OBJC_ISA_USAGE = YES_ERROR;
				CLANG_WARN_DOCUMENTATION_COMMENTS = YES;
				CLANG_WARN_EMPTY_BODY = YES;
				CLANG_WARN_ENUM_CONVERSION = YES;
				CLANG_WARN_INFINITE_RECURSION = YES;
				CLANG_WARN_INT_CONVERSION = YES;
				CLANG_WARN_NON_LITERAL_NULL_CONVERSION = YES;
				CLANG_WARN_OBJC_IMPLICIT_RETAIN_SELF = YES;
				CLANG_WARN_OBJC_LITERAL_CONVERSION = YES;
				CLANG_WARN_OBJC_ROOT_CLASS = YES_ERROR;
				CLANG_WARN_QUOTED_INCLUDE_IN_FRAMEWORK_HEADER = YES;
				CLANG_WARN_RANGE_LOOP_ANALYSIS = YES;
				CLANG_WARN_STRICT_PROTOTYPES = YES;
				CLANG_WARN_SUSPICIOUS_MOVE = YES;
				CLANG_WARN_UNGUARDED_AVAILABILITY = YES_AGGRESSIVE;
				CLANG_WARN_UNREACHABLE_CODE = YES;
				CLANG_WARN__DUPLICATE_METHOD_MATCH = YES;
				COPY_PHASE_STRIP = NO;
				DEBUG_INFORMATION_FORMAT = dwarf;
				ENABLE_STRICT_OBJC_MSGSEND = YES;
				ENABLE_TESTABILITY = YES;
				GCC_C_LANGUAGE_STANDARD = gnu11;
				GCC_DYNAMIC_NO_PIC = NO;
				GCC_NO_COMMON_BLOCKS = YES;
				GCC_OPTIMIZATION_LEVEL = 0;
				GCC_PREPROCESSOR_DEFINITIONS = (
					"DEBUG=1",
					"$(inherited)",
				);
				GCC_WARN_64_TO_32_BIT_CONVERSION = YES;
				GCC_WARN_ABOUT_RETURN_TYPE = YES_ERROR;
				GCC_WARN_UNDECLARED_SELECTOR = YES;
				GCC_WARN_UNINITIALIZED_AUTOS = YES_AGGRESSIVE;
				GCC_WARN_UNUSED_FUNCTION = YES;
				GCC_WARN_UNUSED_VARIABLE = YES;
				IPHONEOS_DEPLOYMENT_TARGET = 14.4;
				MTL_ENABLE_DEBUG_INFO = INCLUDE_SOURCE;
				MTL_FAST_MATH = YES;
				ONLY_ACTIVE_ARCH = YES;
				SDKROOT = iphoneos;
				SWIFT_ACTIVE_COMPILATION_CONDITIONS = DEBUG;
				SWIFT_OPTIMIZATION_LEVEL = "-Onone";
			};
			name = Debug;
		};
		C1DEDD812637460900F66A7C /* Release */ = {
			isa = XCBuildConfiguration;
			buildSettings = {
				ALWAYS_SEARCH_USER_PATHS = NO;
				CLANG_ANALYZER_NONNULL = YES;
				CLANG_ANALYZER_NUMBER_OBJECT_CONVERSION = YES_AGGRESSIVE;
				CLANG_CXX_LANGUAGE_STANDARD = "gnu++14";
				CLANG_CXX_LIBRARY = "libc++";
				CLANG_ENABLE_MODULES = YES;
				CLANG_ENABLE_OBJC_ARC = YES;
				CLANG_ENABLE_OBJC_WEAK = YES;
				CLANG_WARN_BLOCK_CAPTURE_AUTORELEASING = YES;
				CLANG_WARN_BOOL_CONVERSION = YES;
				CLANG_WARN_COMMA = YES;
				CLANG_WARN_CONSTANT_CONVERSION = YES;
				CLANG_WARN_DEPRECATED_OBJC_IMPLEMENTATIONS = YES;
				CLANG_WARN_DIRECT_OBJC_ISA_USAGE = YES_ERROR;
				CLANG_WARN_DOCUMENTATION_COMMENTS = YES;
				CLANG_WARN_EMPTY_BODY = YES;
				CLANG_WARN_ENUM_CONVERSION = YES;
				CLANG_WARN_INFINITE_RECURSION = YES;
				CLANG_WARN_INT_CONVERSION = YES;
				CLANG_WARN_NON_LITERAL_NULL_CONVERSION = YES;
				CLANG_WARN_OBJC_IMPLICIT_RETAIN_SELF = YES;
				CLANG_WARN_OBJC_LITERAL_CONVERSION = YES;
				CLANG_WARN_OBJC_ROOT_CLASS = YES_ERROR;
				CLANG_WARN_QUOTED_INCLUDE_IN_FRAMEWORK_HEADER = YES;
				CLANG_WARN_RANGE_LOOP_ANALYSIS = YES;
				CLANG_WARN_STRICT_PROTOTYPES = YES;
				CLANG_WARN_SUSPICIOUS_MOVE = YES;
				CLANG_WARN_UNGUARDED_AVAILABILITY = YES_AGGRESSIVE;
				CLANG_WARN_UNREACHABLE_CODE = YES;
				CLANG_WARN__DUPLICATE_METHOD_MATCH = YES;
				COPY_PHASE_STRIP = NO;
				DEBUG_INFORMATION_FORMAT = "dwarf-with-dsym";
				ENABLE_NS_ASSERTIONS = NO;
				ENABLE_STRICT_OBJC_MSGSEND = YES;
				GCC_C_LANGUAGE_STANDARD = gnu11;
				GCC_NO_COMMON_BLOCKS = YES;
				GCC_WARN_64_TO_32_BIT_CONVERSION = YES;
				GCC_WARN_ABOUT_RETURN_TYPE = YES_ERROR;
				GCC_WARN_UNDECLARED_SELECTOR = YES;
				GCC_WARN_UNINITIALIZED_AUTOS = YES_AGGRESSIVE;
				GCC_WARN_UNUSED_FUNCTION = YES;
				GCC_WARN_UNUSED_VARIABLE = YES;
				IPHONEOS_DEPLOYMENT_TARGET = 14.4;
				MTL_ENABLE_DEBUG_INFO = NO;
				MTL_FAST_MATH = YES;
				SDKROOT = iphoneos;
				SWIFT_COMPILATION_MODE = wholemodule;
				SWIFT_OPTIMIZATION_LEVEL = "-O";
				VALIDATE_PRODUCT = YES;
			};
			name = Release;
		};
		C1DEDD832637460900F66A7C /* Debug */ = {
			isa = XCBuildConfiguration;
			buildSettings = {
				ASSETCATALOG_COMPILER_APPICON_NAME = AppIcon;
				ASSETCATALOG_COMPILER_GLOBAL_ACCENT_COLOR_NAME = AccentColor;
				CODE_SIGN_STYLE = Automatic;
				DEVELOPMENT_ASSET_PATHS = "\"Mike/Preview Content\"";
				DEVELOPMENT_TEAM = 39DFZ62NH4;
				ENABLE_PREVIEWS = YES;
				INFOPLIST_FILE = Mike/Info.plist;
				IPHONEOS_DEPLOYMENT_TARGET = 14.0;
				LD_RUNPATH_SEARCH_PATHS = (
					"$(inherited)",
					"@executable_path/Frameworks",
				);
				PRODUCT_BUNDLE_IDENTIFIER = FYang.Mike;
				PRODUCT_NAME = "$(TARGET_NAME)";
				SWIFT_VERSION = 5.0;
				TARGETED_DEVICE_FAMILY = "1,2";
			};
			name = Debug;
		};
		C1DEDD842637460900F66A7C /* Release */ = {
			isa = XCBuildConfiguration;
			buildSettings = {
				ASSETCATALOG_COMPILER_APPICON_NAME = AppIcon;
				ASSETCATALOG_COMPILER_GLOBAL_ACCENT_COLOR_NAME = AccentColor;
				CODE_SIGN_STYLE = Automatic;
				DEVELOPMENT_ASSET_PATHS = "\"Mike/Preview Content\"";
				DEVELOPMENT_TEAM = 39DFZ62NH4;
				ENABLE_PREVIEWS = YES;
				INFOPLIST_FILE = Mike/Info.plist;
				IPHONEOS_DEPLOYMENT_TARGET = 14.0;
				LD_RUNPATH_SEARCH_PATHS = (
					"$(inherited)",
					"@executable_path/Frameworks",
				);
				PRODUCT_BUNDLE_IDENTIFIER = FYang.Mike;
				PRODUCT_NAME = "$(TARGET_NAME)";
				SWIFT_VERSION = 5.0;
				TARGETED_DEVICE_FAMILY = "1,2";
			};
			name = Release;
		};
/* End XCBuildConfiguration section */

/* Begin XCConfigurationList section */
		C1DEDD6E2637460700F66A7C /* Build configuration list for PBXProject "Mike" */ = {
			isa = XCConfigurationList;
			buildConfigurations = (
				C1DEDD802637460900F66A7C /* Debug */,
				C1DEDD812637460900F66A7C /* Release */,
			);
			defaultConfigurationIsVisible = 0;
			defaultConfigurationName = Release;
		};
		C1DEDD822637460900F66A7C /* Build configuration list for PBXNativeTarget "Mike" */ = {
			isa = XCConfigurationList;
			buildConfigurations = (
				C1DEDD832637460900F66A7C /* Debug */,
				C1DEDD842637460900F66A7C /* Release */,
			);
			defaultConfigurationIsVisible = 0;
			defaultConfigurationName = Release;
		};
/* End XCConfigurationList section */

/* Begin XCRemoteSwiftPackageReference section */
		C1DEDD8E26374C2600F66A7C /* XCRemoteSwiftPackageReference "amplify-ios" */ = {
			isa = XCRemoteSwiftPackageReference;
			repositoryURL = "https://github.com/aws-amplify/amplify-ios";
			requirement = {
				kind = upToNextMajorVersion;
				minimumVersion = 1.8.1;
			};
		};
/* End XCRemoteSwiftPackageReference section */

/* Begin XCSwiftPackageProductDependency section */
		C1DEDD8F26374C2600F66A7C /* Amplify */ = {
			isa = XCSwiftPackageProductDependency;
			package = C1DEDD8E26374C2600F66A7C /* XCRemoteSwiftPackageReference "amplify-ios" */;
			productName = Amplify;
		};
		C1DEDD9126374C2600F66A7C /* AWSCognitoAuthPlugin */ = {
			isa = XCSwiftPackageProductDependency;
			package = C1DEDD8E26374C2600F66A7C /* XCRemoteSwiftPackageReference "amplify-ios" */;
			productName = AWSCognitoAuthPlugin;
		};
		C1DEDD9326374C2600F66A7C /* AWSS3StoragePlugin */ = {
			isa = XCSwiftPackageProductDependency;
			package = C1DEDD8E26374C2600F66A7C /* XCRemoteSwiftPackageReference "amplify-ios" */;
			productName = AWSS3StoragePlugin;
		};
		C1DEDD9526374C2600F66A7C /* AWSAPIPlugin */ = {
			isa = XCSwiftPackageProductDependency;
			package = C1DEDD8E26374C2600F66A7C /* XCRemoteSwiftPackageReference "amplify-ios" */;
			productName = AWSAPIPlugin;
		};
		C1DEDD9726374C2600F66A7C /* AWSPluginsCore */ = {
			isa = XCSwiftPackageProductDependency;
			package = C1DEDD8E26374C2600F66A7C /* XCRemoteSwiftPackageReference "amplify-ios" */;
			productName = AWSPluginsCore;
		};
		C1DEDD9926374C2600F66A7C /* AWSDataStorePlugin */ = {
			isa = XCSwiftPackageProductDependency;
			package = C1DEDD8E26374C2600F66A7C /* XCRemoteSwiftPackageReference "amplify-ios" */;
			productName = AWSDataStorePlugin;
		};
/* End XCSwiftPackageProductDependency section */
	};
	rootObject = C1DEDD6B2637460700F66A7C /* Project object */;
}
