{
  "object": {
    "pins": [
      {
        "package": "Amplify",
        "repositoryURL": "https://gitee.com/mirrors_aws-amplify/amplify-ios.git",
        "state": {
          "branch": null,
          "revision": "b7b7b9af00db40cc99bfcbde4147253512f3fb92",
          "version": "1.12.0"
        }
      },
      {
        "package": "AppSyncRealTimeClient",
        "repositoryURL": "https://gitee.com/mirrors_aws-amplify/aws-appsync-realtime-client-ios.git",
        "state": {
          "branch": null,
          "revision": "16c2c3aaf0b0a812dbc2023cecb0dbd433f99810",
          "version": "1.4.4"
        }
      },
      {
        "package": "AWSiOSSDKV2",
        "repositoryURL": "https://github.com/aws-amplify/aws-sdk-ios-spm.git",
        "state": {
          "branch": null,
          "revision": "13457a1154b7da58351b793bf34f1a2808c5b597",
          "version": "2.24.3"
        }
      },
      {
        "package": "IQKeyboardManagerSwift",
        "repositoryURL": "https://gitee.com/mirrors/iqkeyboardmanager.git",
        "state": {
          "branch": null,
          "revision": "4dc6bc7d1c9747bd0c261c8c055903f9fdef91f7",
          "version": "6.5.6"
        }
      },
      {
        "package": "PullToRefreshKit",
        "repositoryURL": "https://gitee.com/qianka-ops/PullToRefreshKit.git",
        "state": {
          "branch": null,
          "revision": "95ca6672c84e681f5d2fa0f723d2381d0e68fe5e",
          "version": "0.8.9"
        }
      },
      {
        "package": "SDWebImage",
        "repositoryURL": "https://gitee.com/foxvail/SDWebImage.git",
        "state": {
          "branch": null,
          "revision": "d1c75d839709b3f91c82ecf7d3c7665272090456",
          "version": "5.11.0"
        }
      },
      {
        "package": "SnapKit",
        "repositoryURL": "https://gitee.com/idol-group/SnapKit.git",
        "state": {
          "branch": null,
          "revision": "d458564516e5676af9c70b4f4b2a9178294f1bc6",
          "version": "5.0.1"
        }
      },
      {
        "package": "SQLite.swift",
        "repositoryURL": "https://gitee.com/hunyumiluo/SQLite.swift.git",
        "state": {
          "branch": null,
          "revision": "0a9893ec030501a3956bee572d6b4fdd3ae158a1",
          "version": "0.12.2"
        }
      },
      {
        "package": "Starscream",
        "repositoryURL": "https://gitee.com/apollo_graphql/Starscream.git",
        "state": {
          "branch": null,
          "revision": "e6b65c6d9077ea48b4a7bdda8994a1d3c6969c8d",
          "version": "3.1.1"
        }
      },
      {
        "package": "swift-nio-zlib-support",
        "repositoryURL": "https://github.com/apple/swift-nio-zlib-support.git",
        "state": {
          "branch": null,
          "revision": "37760e9a52030bb9011972c5213c3350fa9d41fd",
          "version": "1.0.0"
        }
      }
    ]
  },
  "version": 1
}
